Microsoft Visual Studio Solution File, Format Version 9.00
# Visual Studio 2005
Project("{F14B399A-7131-4C87-9E4B-1186C45EF12D}") = "IISReports", "IISReports.rptproj", "{A4984995-0E01-47B7-B887-4843D22D33CE}"
EndProject
Global
	GlobalSection(SolutionConfigurationPlatforms) = preSolution
		Debug|Default = Debug|Default
		DebugLocal|Default = DebugLocal|Default
		Production|Default = Production|Default
	EndGlobalSection
	GlobalSection(ProjectConfigurationPlatforms) = postSolution
		{A4984995-0E01-47B7-B887-4843D22D33CE}.Debug|Default.ActiveCfg = Debug
		{A4984995-0E01-47B7-B887-4843D22D33CE}.Debug|Default.Build.0 = Debug
		{A4984995-0E01-47B7-B887-4843D22D33CE}.Debug|Default.Deploy.0 = Debug
		{A4984995-0E01-47B7-B887-4843D22D33CE}.DebugLocal|Default.ActiveCfg = DebugLocal
		{A4984995-0E01-47B7-B887-4843D22D33CE}.DebugLocal|Default.Build.0 = DebugLocal
		{A4984995-0E01-47B7-B887-4843D22D33CE}.Production|Default.ActiveCfg = Production
		{A4984995-0E01-47B7-B887-4843D22D33CE}.Production|Default.Build.0 = Production
		{A4984995-0E01-47B7-B887-4843D22D33CE}.Production|Default.Deploy.0 = Production
	EndGlobalSection
	GlobalSection(SolutionProperties) = preSolution
		HideSolutionNode = FALSE
	EndGlobalSection
EndGlobal
