Microsoft Visual Studio Solution File, Format Version 9.00
# Visual Studio 2005
Project("{F14B399A-7131-4C87-9E4B-1186C45EF12D}") = "Reports", "Reports.rptproj", "{DABA1ECA-B2EB-436F-96DA-B40BB65E2A77}"
EndProject
Global
	GlobalSection(SolutionConfigurationPlatforms) = preSolution
		Debug|Default = Debug|Default
		DebugLocal|Default = DebugLocal|Default
		Production|Default = Production|Default
		Release|Default = Release|Default
	EndGlobalSection
	GlobalSection(ProjectConfigurationPlatforms) = postSolution
		{DABA1ECA-B2EB-436F-96DA-B40BB65E2A77}.Debug|Default.ActiveCfg = Debug
		{DABA1ECA-B2EB-436F-96DA-B40BB65E2A77}.Debug|Default.Build.0 = Debug
		{DABA1ECA-B2EB-436F-96DA-B40BB65E2A77}.Debug|Default.Deploy.0 = Debug
		{DABA1ECA-B2EB-436F-96DA-B40BB65E2A77}.DebugLocal|Default.ActiveCfg = DebugLocal
		{DABA1ECA-B2EB-436F-96DA-B40BB65E2A77}.DebugLocal|Default.Build.0 = DebugLocal
		{DABA1ECA-B2EB-436F-96DA-B40BB65E2A77}.Production|Default.ActiveCfg = Production
		{DABA1ECA-B2EB-436F-96DA-B40BB65E2A77}.Production|Default.Build.0 = Production
		{DABA1ECA-B2EB-436F-96DA-B40BB65E2A77}.Production|Default.Deploy.0 = Production
		{DABA1ECA-B2EB-436F-96DA-B40BB65E2A77}.Release|Default.ActiveCfg = Production
		{DABA1ECA-B2EB-436F-96DA-B40BB65E2A77}.Release|Default.Build.0 = Production
		{DABA1ECA-B2EB-436F-96DA-B40BB65E2A77}.Release|Default.Deploy.0 = Production
	EndGlobalSection
	GlobalSection(SolutionProperties) = preSolution
		HideSolutionNode = FALSE
	EndGlobalSection
EndGlobal
